
Microsoft Visual Studio Solution File, Format Version 12.00
# Visual Studio Version 16
VisualStudioVersion = 16.0.29306.81
MinimumVisualStudioVersion = 10.0.40219.1
Project("{FAE04EC0-301F-11D3-BF4B-00C04F79EFBC}") = "RegisztracioAlkalmazas", "RegisztracioAlkalmazas\RegisztracioAlkalmazas.csproj", "{21C734CD-EEAA-4D06-8798-11B5310603E2}"
EndProject
Global
	GlobalSection(SolutionConfigurationPlatforms) = preSolution
		Debug|Any CPU = Debug|Any CPU
		Release|Any CPU = Release|Any CPU
	EndGlobalSection
	GlobalSection(ProjectConfigurationPlatforms) = postSolution
		{21C734CD-EEAA-4D06-8798-11B5310603E2}.Debug|Any CPU.ActiveCfg = Debug|Any CPU
		{21C734CD-EEAA-4D06-8798-11B5310603E2}.Debug|Any CPU.Build.0 = Debug|Any CPU
		{21C734CD-EEAA-4D06-8798-11B5310603E2}.Release|Any CPU.ActiveCfg = Release|Any CPU
		{21C734CD-EEAA-4D06-8798-11B5310603E2}.Release|Any CPU.Build.0 = Release|Any CPU
	EndGlobalSection
	GlobalSection(SolutionProperties) = preSolution
		HideSolutionNode = FALSE
	EndGlobalSection
	GlobalSection(ExtensibilityGlobals) = postSolution
		SolutionGuid = {16A67347-61E8-4211-A421-3D0E794D815E}
	EndGlobalSection
EndGlobal
